
Microsoft Visual Studio Solution File, Format Version 12.00
# Visual Studio Version 16
VisualStudioVersion = 16.0.30907.101
MinimumVisualStudioVersion = 10.0.40219.1
Project("{FAE04EC0-301F-11D3-BF4B-00C04F79EFBC}") = "Uzmanpara-Doviz-Botu", "Uzmanpara-Doviz-Botu\Uzmanpara-Doviz-Botu.csproj", "{AD571E85-3B5F-481B-B5BC-94303A90D4C4}"
EndProject
Global
	GlobalSection(SolutionConfigurationPlatforms) = preSolution
		Debug|Any CPU = Debug|Any CPU
		Release|Any CPU = Release|Any CPU
	EndGlobalSection
	GlobalSection(ProjectConfigurationPlatforms) = postSolution
		{AD571E85-3B5F-481B-B5BC-94303A90D4C4}.Debug|Any CPU.ActiveCfg = Debug|Any CPU
		{AD571E85-3B5F-481B-B5BC-94303A90D4C4}.Debug|Any CPU.Build.0 = Debug|Any CPU
		{AD571E85-3B5F-481B-B5BC-94303A90D4C4}.Release|Any CPU.ActiveCfg = Release|Any CPU
		{AD571E85-3B5F-481B-B5BC-94303A90D4C4}.Release|Any CPU.Build.0 = Release|Any CPU
	EndGlobalSection
	GlobalSection(SolutionProperties) = preSolution
		HideSolutionNode = FALSE
	EndGlobalSection
	GlobalSection(ExtensibilityGlobals) = postSolution
		SolutionGuid = {4E952E4F-5567-4A81-80E4-839246622D71}
	EndGlobalSection
EndGlobal
